// !$*UTF8*$!
{
	archiveVersion = 1;
	classes = {
	};
	objectVersion = 77;
	objects = {

/* Begin PBXContainerItemProxy section */
		1B9CB1642E730CDD00112A23 /* PBXContainerItemProxy */ = {
			isa = PBXContainerItemProxy;
			containerPortal = 1B9CB14D2E730CDC00112A23 /* Project object */;
			proxyType = 1;
			remoteGlobalIDString = 1B9CB1542E730CDC00112A23;
			remoteInfo = "L1 Demo";
		};
		1B9CB16E2E730CDD00112A23 /* PBXContainerItemProxy */ = {
			isa = PBXContainerItemProxy;
			containerPortal = 1B9CB14D2E730CDC00112A23 /* Project object */;
			proxyType = 1;
			remoteGlobalIDString = 1B9CB1542E730CDC00112A23;
			remoteInfo = "L1 Demo";
		};
/* End PBXContainerItemProxy section */

/* Begin PBXFileReference section */
		1B9CB1552E730CDC00112A23 /* L1 Demo.app */ = {isa = PBXFileReference; explicitFileType = wrapper.application; includeInIndex = 0; path = "L1 Demo.app"; sourceTree = BUILT_PRODUCTS_DIR; };
		1B9CB1632E730CDD00112A23 /* L1 DemoTests.xctest */ = {isa = PBXFileReference; explicitFileType = wrapper.cfbundle; includeInIndex = 0; path = "L1 DemoTests.xctest"; sourceTree = BUILT_PRODUCTS_DIR; };
		1B9CB16D2E730CDD00112A23 /* L1 DemoUITests.xctest */ = {isa = PBXFileReference; explicitFileType = wrapper.cfbundle; includeInIndex = 0; path = "L1 DemoUITests.xctest"; sourceTree = BUILT_PRODUCTS_DIR; };
/* End PBXFileReference section */

/* Begin PBXFileSystemSynchronizedRootGroup section */
		1B9CB1572E730CDC00112A23 /* L1 Demo */ = {
			isa = PBXFileSystemSynchronizedRootGroup;
			path = "L1 Demo";
			sourceTree = "<group>";
		};
		1B9CB1662E730CDD00112A23 /* L1 DemoTests */ = {
			isa = PBXFileSystemSynchronizedRootGroup;
			path = "L1 DemoTests";
			sourceTree = "<group>";
		};
		1B9CB1702E730CDD00112A23 /* L1 DemoUITests */ = {
			isa = PBXFileSystemSynchronizedRootGroup;
			path = "L1 DemoUITests";
			sourceTree = "<group>";
		};
/* End PBXFileSystemSynchronizedRootGroup section */

/* Begin PBXFrameworksBuildPhase section */
		1B9CB1522E730CDC00112A23 /* Frameworks */ = {
			isa = PBXFrameworksBuildPhase;
			buildActionMask = 2147483647;
			files = (
			);
			runOnlyForDeploymentPostprocessing = 0;
		};
		1B9CB1602E730CDD00112A23 /* Frameworks */ = {
			isa = PBXFrameworksBuildPhase;
			buildActionMask = 2147483647;
			files = (
			);
			runOnlyForDeploymentPostprocessing = 0;
		};
		1B9CB16A2E730CDD00112A23 /* Frameworks */ = {
			isa = PBXFrameworksBuildPhase;
			buildActionMask = 2147483647;
			files = (
			);
			runOnlyForDeploymentPostprocessing = 0;
		};
/* End PBXFrameworksBuildPhase section */

/* Begin PBXGroup section */
		1B9CB14C2E730CDC00112A23 = {
			isa = PBXGroup;
			children = (
				1B9CB1572E730CDC00112A23 /* L1 Demo */,
				1B9CB1662E730CDD00112A23 /* L1 DemoTests */,
				1B9CB1702E730CDD00112A23 /* L1 DemoUITests */,
				1B9CB1562E730CDC00112A23 /* Products */,
			);
			sourceTree = "<group>";
		};
		1B9CB1562E730CDC00112A23 /* Products */ = {
			isa = PBXGroup;
			children = (
				1B9CB1552E730CDC00112A23 /* L1 Demo.app */,
				1B9CB1632E730CDD00112A23 /* L1 DemoTests.xctest */,
				1B9CB16D2E730CDD00112A23 /* L1 DemoUITests.xctest */,
			);
			name = Products;
			sourceTree = "<group>";
		};
/* End PBXGroup section */

/* Begin PBXNativeTarget section */
		1B9CB1542E730CDC00112A23 /* L1 Demo */ = {
			isa = PBXNativeTarget;
			buildConfigurationList = 1B9CB1772E730CDD00112A23 /* Build configuration list for PBXNativeTarget "L1 Demo" */;
			buildPhases = (
				1B9CB1512E730CDC00112A23 /* Sources */,
				1B9CB1522E730CDC00112A23 /* Frameworks */,
				1B9CB1532E730CDC00112A23 /* Resources */,
			);
			buildRules = (
			);
			dependencies = (
			);
			fileSystemSynchronizedGroups = (
				1B9CB1572E730CDC00112A23 /* L1 Demo */,
			);
			name = "L1 Demo";
			packageProductDependencies = (
			);
			productName = "L1 Demo";
			productReference = 1B9CB1552E730CDC00112A23 /* L1 Demo.app */;
			productType = "com.apple.product-type.application";
		};
		1B9CB1622E730CDD00112A23 /* L1 DemoTests */ = {
			isa = PBXNativeTarget;
			buildConfigurationList = 1B9CB17A2E730CDD00112A23 /* Build configuration list for PBXNativeTarget "L1 DemoTests" */;
			buildPhases = (
				1B9CB15F2E730CDD00112A23 /* Sources */,
				1B9CB1602E730CDD00112A23 /* Frameworks */,
				1B9CB1612E730CDD00112A23 /* Resources */,
			);
			buildRules = (
			);
			dependencies = (
				1B9CB1652E730CDD00112A23 /* PBXTargetDependency */,
			);
			fileSystemSynchronizedGroups = (
				1B9CB1662E730CDD00112A23 /* L1 DemoTests */,
			);
			name = "L1 DemoTests";
			packageProductDependencies = (
			);
			productName = "L1 DemoTests";
			productReference = 1B9CB1632E730CDD00112A23 /* L1 DemoTests.xctest */;
			productType = "com.apple.product-type.bundle.unit-test";
		};
		1B9CB16C2E730CDD00112A23 /* L1 DemoUITests */ = {
			isa = PBXNativeTarget;
			buildConfigurationList = 1B9CB17D2E730CDD00112A23 /* Build configuration list for PBXNativeTarget "L1 DemoUITests" */;
			buildPhases = (
				1B9CB1692E730CDD00112A23 /* Sources */,
				1B9CB16A2E730CDD00112A23 /* Frameworks */,
				1B9CB16B2E730CDD00112A23 /* Resources */,
			);
			buildRules = (
			);
			dependencies = (
				1B9CB16F2E730CDD00112A23 /* PBXTargetDependency */,
			);
			fileSystemSynchronizedGroups = (
				1B9CB1702E730CDD00112A23 /* L1 DemoUITests */,
			);
			name = "L1 DemoUITests";
			packageProductDependencies = (
			);
			productName = "L1 DemoUITests";
			productReference = 1B9CB16D2E730CDD00112A23 /* L1 DemoUITests.xctest */;
			productType = "com.apple.product-type.bundle.ui-testing";
		};
/* End PBXNativeTarget section */

/* Begin PBXProject section */
		1B9CB14D2E730CDC00112A23 /* Project object */ = {
			isa = PBXProject;
			attributes = {
				BuildIndependentTargetsInParallel = 1;
				LastSwiftUpdateCheck = 1640;
				LastUpgradeCheck = 1640;
				TargetAttributes = {
					1B9CB1542E730CDC00112A23 = {
						CreatedOnToolsVersion = 16.4;
					};
					1B9CB1622E730CDD00112A23 = {
						CreatedOnToolsVersion = 16.4;
						TestTargetID = 1B9CB1542E730CDC00112A23;
					};
					1B9CB16C2E730CDD00112A23 = {
						CreatedOnToolsVersion = 16.4;
						TestTargetID = 1B9CB1542E730CDC00112A23;
					};
				};
			};
			buildConfigurationList = 1B9CB1502E730CDC00112A23 /* Build configuration list for PBXProject "L1 Demo" */;
			developmentRegion = en;
			hasScannedForEncodings = 0;
			knownRegions = (
				en,
				Base,
			);
			mainGroup = 1B9CB14C2E730CDC00112A23;
			minimizedProjectReferenceProxies = 1;
			preferredProjectObjectVersion = 77;
			productRefGroup = 1B9CB1562E730CDC00112A23 /* Products */;
			projectDirPath = "";
			projectRoot = "";
			targets = (
				1B9CB1542E730CDC00112A23 /* L1 Demo */,
				1B9CB1622E730CDD00112A23 /* L1 DemoTests */,
				1B9CB16C2E730CDD00112A23 /* L1 DemoUITests */,
			);
		};
/* End PBXProject section */

/* Begin PBXResourcesBuildPhase section */
		1B9CB1532E730CDC00112A23 /* Resources */ = {
			isa = PBXResourcesBuildPhase;
			buildActionMask = 2147483647;
			files = (
			);
			runOnlyForDeploymentPostprocessing = 0;
		};
		1B9CB1612E730CDD00112A23 /* Resources */ = {
			isa = PBXResourcesBuildPhase;
			buildActionMask = 2147483647;
			files = (
			);
			runOnlyForDeploymentPostprocessing = 0;
		};
		1B9CB16B2E730CDD00112A23 /* Resources */ = {
			isa = PBXResourcesBuildPhase;
			buildActionMask = 2147483647;
			files = (
			);
			runOnlyForDeploymentPostprocessing = 0;
		};
/* End PBXResourcesBuildPhase section */

/* Begin PBXSourcesBuildPhase section */
		1B9CB1512E730CDC00112A23 /* Sources */ = {
			isa = PBXSourcesBuildPhase;
			buildActionMask = 2147483647;
			files = (
			);
			runOnlyForDeploymentPostprocessing = 0;
		};
		1B9CB15F2E730CDD00112A23 /* Sources */ = {
			isa = PBXSourcesBuildPhase;
			buildActionMask = 2147483647;
			files = (
			);
			runOnlyForDeploymentPostprocessing = 0;
		};
		1B9CB1692E730CDD00112A23 /* Sources */ = {
			isa = PBXSourcesBuildPhase;
			buildActionMask = 2147483647;
			files = (
			);
			runOnlyForDeploymentPostprocessing = 0;
		};
/* End PBXSourcesBuildPhase section */

/* Begin PBXTargetDependency section */
		1B9CB1652E730CDD00112A23 /* PBXTargetDependency */ = {
			isa = PBXTargetDependency;
			target = 1B9CB1542E730CDC00112A23 /* L1 Demo */;
			targetProxy = 1B9CB1642E730CDD00112A23 /* PBXContainerItemProxy */;
		};
		1B9CB16F2E730CDD00112A23 /* PBXTargetDependency */ = {
			isa = PBXTargetDependency;
			target = 1B9CB1542E730CDC00112A23 /* L1 Demo */;
			targetProxy = 1B9CB16E2E730CDD00112A23 /* PBXContainerItemProxy */;
		};
/* End PBXTargetDependency section */

/* Begin XCBuildConfiguration section */
		1B9CB1752E730CDD00112A23 /* Debug */ = {
			isa = XCBuildConfiguration;
			buildSettings = {
				ALWAYS_SEARCH_USER_PATHS = NO;
				ASSETCATALOG_COMPILER_GENERATE_SWIFT_ASSET_SYMBOL_EXTENSIONS = YES;
				CLANG_ANALYZER_NONNULL = YES;
				CLANG_ANALYZER_NUMBER_OBJECT_CONVERSION = YES_AGGRESSIVE;
				CLANG_CXX_LANGUAGE_STANDARD = "gnu++20";
				CLANG_ENABLE_MODULES = YES;
				CLANG_ENABLE_OBJC_ARC = YES;
				CLANG_ENABLE_OBJC_WEAK = YES;
				CLANG_WARN_BLOCK_CAPTURE_AUTORELEASING = YES;
				CLANG_WARN_BOOL_CONVERSION = YES;
				CLANG_WARN_COMMA = YES;
				CLANG_WARN_CONSTANT_CONVERSION = YES;
				CLANG_WARN_DEPRECATED_OBJC_IMPLEMENTATIONS = YES;
				CLANG_WARN_DIRECT_OBJC_ISA_USAGE = YES_ERROR;
				CLANG_WARN_DOCUMENTATION_COMMENTS = YES;
				CLANG_WARN_EMPTY_BODY = YES;
				CLANG_WARN_ENUM_CONVERSION = YES;
				CLANG_WARN_INFINITE_RECURSION = YES;
				CLANG_WARN_INT_CONVERSION = YES;
				CLANG_WARN_NON_LITERAL_NULL_CONVERSION = YES;
				CLANG_WARN_OBJC_IMPLICIT_RETAIN_SELF = YES;
				CLANG_WARN_OBJC_LITERAL_CONVERSION = YES;
				CLANG_WARN_OBJC_ROOT_CLASS = YES_ERROR;
				CLANG_WARN_QUOTED_INCLUDE_IN_FRAMEWORK_HEADER = YES;
				CLANG_WARN_RANGE_LOOP_ANALYSIS = YES;
				CLANG_WARN_STRICT_PROTOTYPES = YES;
				CLANG_WARN_SUSPICIOUS_MOVE = YES;
				CLANG_WARN_UNGUARDED_AVAILABILITY = YES_AGGRESSIVE;
				CLANG_WARN_UNREACHABLE_CODE = YES;
				CLANG_WARN__DUPLICATE_METHOD_MATCH = YES;
				COPY_PHASE_STRIP = NO;
				DEBUG_INFORMATION_FORMAT = dwarf;
				ENABLE_STRICT_OBJC_MSGSEND = YES;
				ENABLE_TESTABILITY = YES;
				ENABLE_USER_SCRIPT_SANDBOXING = YES;
				GCC_C_LANGUAGE_STANDARD = gnu17;
				GCC_DYNAMIC_NO_PIC = NO;
				GCC_NO_COMMON_BLOCKS = YES;
				GCC_OPTIMIZATION_LEVEL = 0;
				GCC_PREPROCESSOR_DEFINITIONS = (
					"DEBUG=1",
					"$(inherited)",
				);
				GCC_WARN_64_TO_32_BIT_CONVERSION = YES;
				GCC_WARN_ABOUT_RETURN_TYPE = YES_ERROR;
				GCC_WARN_UNDECLARED_SELECTOR = YES;
				GCC_WARN_UNINITIALIZED_AUTOS = YES_AGGRESSIVE;
				GCC_WARN_UNUSED_FUNCTION = YES;
				GCC_WARN_UNUSED_VARIABLE = YES;
				LOCALIZATION_PREFERS_STRING_CATALOGS = YES;
				MACOSX_DEPLOYMENT_TARGET = 15.5;
				MTL_ENABLE_DEBUG_INFO = INCLUDE_SOURCE;
				MTL_FAST_MATH = YES;
				ONLY_ACTIVE_ARCH = YES;
				SDKROOT = macosx;
				SWIFT_ACTIVE_COMPILATION_CONDITIONS = "DEBUG $(inherited)";
				SWIFT_OPTIMIZATION_LEVEL = "-Onone";
			};
			name = Debug;
		};
		1B9CB1762E730CDD00112A23 /* Release */ = {
			isa = XCBuildConfiguration;
			buildSettings = {
				ALWAYS_SEARCH_USER_PATHS = NO;
				ASSETCATALOG_COMPILER_GENERATE_SWIFT_ASSET_SYMBOL_EXTENSIONS = YES;
				CLANG_ANALYZER_NONNULL = YES;
				CLANG_ANALYZER_NUMBER_OBJECT_CONVERSION = YES_AGGRESSIVE;
				CLANG_CXX_LANGUAGE_STANDARD = "gnu++20";
				CLANG_ENABLE_MODULES = YES;
				CLANG_ENABLE_OBJC_ARC = YES;
				CLANG_ENABLE_OBJC_WEAK = YES;
				CLANG_WARN_BLOCK_CAPTURE_AUTORELEASING = YES;
				CLANG_WARN_BOOL_CONVERSION = YES;
				CLANG_WARN_COMMA = YES;
				CLANG_WARN_CONSTANT_CONVERSION = YES;
				CLANG_WARN_DEPRECATED_OBJC_IMPLEMENTATIONS = YES;
				CLANG_WARN_DIRECT_OBJC_ISA_USAGE = YES_ERROR;
				CLANG_WARN_DOCUMENTATION_COMMENTS = YES;
				CLANG_WARN_EMPTY_BODY = YES;
				CLANG_WARN_ENUM_CONVERSION = YES;
				CLANG_WARN_INFINITE_RECURSION = YES;
				CLANG_WARN_INT_CONVERSION = YES;
				CLANG_WARN_NON_LITERAL_NULL_CONVERSION = YES;
				CLANG_WARN_OBJC_IMPLICIT_RETAIN_SELF = YES;
				CLANG_WARN_OBJC_LITERAL_CONVERSION = YES;
				CLANG_WARN_OBJC_ROOT_CLASS = YES_ERROR;
				CLANG_WARN_QUOTED_INCLUDE_IN_FRAMEWORK_HEADER = YES;
				CLANG_WARN_RANGE_LOOP_ANALYSIS = YES;
				CLANG_WARN_STRICT_PROTOTYPES = YES;
				CLANG_WARN_SUSPICIOUS_MOVE = YES;
				CLANG_WARN_UNGUARDED_AVAILABILITY = YES_AGGRESSIVE;
				CLANG_WARN_UNREACHABLE_CODE = YES;
				CLANG_WARN__DUPLICATE_METHOD_MATCH = YES;
				COPY_PHASE_STRIP = NO;
				DEBUG_INFORMATION_FORMAT = "dwarf-with-dsym";
				ENABLE_NS_ASSERTIONS = NO;
				ENABLE_STRICT_OBJC_MSGSEND = YES;
				ENABLE_USER_SCRIPT_SANDBOXING = YES;
				GCC_C_LANGUAGE_STANDARD = gnu17;
				GCC_NO_COMMON_BLOCKS = YES;
				GCC_WARN_64_TO_32_BIT_CONVERSION = YES;
				GCC_WARN_ABOUT_RETURN_TYPE = YES_ERROR;
				GCC_WARN_UNDECLARED_SELECTOR = YES;
				GCC_WARN_UNINITIALIZED_AUTOS = YES_AGGRESSIVE;
				GCC_WARN_UNUSED_FUNCTION = YES;
				GCC_WARN_UNUSED_VARIABLE = YES;
				LOCALIZATION_PREFERS_STRING_CATALOGS = YES;
				MACOSX_DEPLOYMENT_TARGET = 15.5;
				MTL_ENABLE_DEBUG_INFO = NO;
				MTL_FAST_MATH = YES;
				SDKROOT = macosx;
				SWIFT_COMPILATION_MODE = wholemodule;
			};
			name = Release;
		};
		1B9CB1782E730CDD00112A23 /* Debug */ = {
			isa = XCBuildConfiguration;
			buildSettings = {
				ASSETCATALOG_COMPILER_APPICON_NAME = AppIcon;
				ASSETCATALOG_COMPILER_GLOBAL_ACCENT_COLOR_NAME = AccentColor;
				CODE_SIGN_ENTITLEMENTS = "L1 Demo/L1_Demo.entitlements";
				CODE_SIGN_STYLE = Automatic;
				COMBINE_HIDPI_IMAGES = YES;
				CURRENT_PROJECT_VERSION = 1;
				ENABLE_PREVIEWS = YES;
				GENERATE_INFOPLIST_FILE = YES;
				INFOPLIST_KEY_NSHumanReadableCopyright = "";
				LD_RUNPATH_SEARCH_PATHS = (
					"$(inherited)",
					"@executable_path/../Frameworks",
				);
				MARKETING_VERSION = 1.0;
				PRODUCT_BUNDLE_IDENTIFIER = "name.vladshutkevych.L1-Demo";
				PRODUCT_NAME = "$(TARGET_NAME)";
				REGISTER_APP_GROUPS = YES;
				SUPPORTED_PLATFORMS = "iphoneos iphonesimulator";
				SUPPORTS_MACCATALYST = NO;
				SWIFT_EMIT_LOC_STRINGS = YES;
				SWIFT_VERSION = 5.0;
				TARGETED_DEVICE_FAMILY = 1;
			};
			name = Debug;
		};
		1B9CB1792E730CDD00112A23 /* Release */ = {
			isa = XCBuildConfiguration;
			buildSettings = {
				ASSETCATALOG_COMPILER_APPICON_NAME = AppIcon;
				ASSETCATALOG_COMPILER_GLOBAL_ACCENT_COLOR_NAME = AccentColor;
				CODE_SIGN_ENTITLEMENTS = "L1 Demo/L1_Demo.entitlements";
				CODE_SIGN_STYLE = Automatic;
				COMBINE_HIDPI_IMAGES = YES;
				CURRENT_PROJECT_VERSION = 1;
				ENABLE_PREVIEWS = YES;
				GENERATE_INFOPLIST_FILE = YES;
				INFOPLIST_KEY_NSHumanReadableCopyright = "";
				LD_RUNPATH_SEARCH_PATHS = (
					"$(inherited)",
					"@executable_path/../Frameworks",
				);
				MARKETING_VERSION = 1.0;
				PRODUCT_BUNDLE_IDENTIFIER = "name.vladshutkevych.L1-Demo";
				PRODUCT_NAME = "$(TARGET_NAME)";
				REGISTER_APP_GROUPS = YES;
				SUPPORTED_PLATFORMS = "iphoneos iphonesimulator";
				SUPPORTS_MACCATALYST = NO;
				SWIFT_EMIT_LOC_STRINGS = YES;
				SWIFT_VERSION = 5.0;
				TARGETED_DEVICE_FAMILY = 1;
			};
			name = Release;
		};
		1B9CB17B2E730CDD00112A23 /* Debug */ = {
			isa = XCBuildConfiguration;
			buildSettings = {
				BUNDLE_LOADER = "$(TEST_HOST)";
				CODE_SIGN_STYLE = Automatic;
				CURRENT_PROJECT_VERSION = 1;
				GENERATE_INFOPLIST_FILE = YES;
				MACOSX_DEPLOYMENT_TARGET = 15.5;
				MARKETING_VERSION = 1.0;
				PRODUCT_BUNDLE_IDENTIFIER = "name.vladshutkevych.L1-DemoTests";
				PRODUCT_NAME = "$(TARGET_NAME)";
				SWIFT_EMIT_LOC_STRINGS = NO;
				SWIFT_VERSION = 5.0;
				TEST_HOST = "$(BUILT_PRODUCTS_DIR)/L1 Demo.app/$(BUNDLE_EXECUTABLE_FOLDER_PATH)/L1 Demo";
			};
			name = Debug;
		};
		1B9CB17C2E730CDD00112A23 /* Release */ = {
			isa = XCBuildConfiguration;
			buildSettings = {
				BUNDLE_LOADER = "$(TEST_HOST)";
				CODE_SIGN_STYLE = Automatic;
				CURRENT_PROJECT_VERSION = 1;
				GENERATE_INFOPLIST_FILE = YES;
				MACOSX_DEPLOYMENT_TARGET = 15.5;
				MARKETING_VERSION = 1.0;
				PRODUCT_BUNDLE_IDENTIFIER = "name.vladshutkevych.L1-DemoTests";
				PRODUCT_NAME = "$(TARGET_NAME)";
				SWIFT_EMIT_LOC_STRINGS = NO;
				SWIFT_VERSION = 5.0;
				TEST_HOST = "$(BUILT_PRODUCTS_DIR)/L1 Demo.app/$(BUNDLE_EXECUTABLE_FOLDER_PATH)/L1 Demo";
			};
			name = Release;
		};
		1B9CB17E2E730CDD00112A23 /* Debug */ = {
			isa = XCBuildConfiguration;
			buildSettings = {
				CODE_SIGN_STYLE = Automatic;
				CURRENT_PROJECT_VERSION = 1;
				GENERATE_INFOPLIST_FILE = YES;
				MARKETING_VERSION = 1.0;
				PRODUCT_BUNDLE_IDENTIFIER = "name.vladshutkevych.L1-DemoUITests";
				PRODUCT_NAME = "$(TARGET_NAME)";
				SWIFT_EMIT_LOC_STRINGS = NO;
				SWIFT_VERSION = 5.0;
				TEST_TARGET_NAME = "L1 Demo";
			};
			name = Debug;
		};
		1B9CB17F2E730CDD00112A23 /* Release */ = {
			isa = XCBuildConfiguration;
			buildSettings = {
				CODE_SIGN_STYLE = Automatic;
				CURRENT_PROJECT_VERSION = 1;
				GENERATE_INFOPLIST_FILE = YES;
				MARKETING_VERSION = 1.0;
				PRODUCT_BUNDLE_IDENTIFIER = "name.vladshutkevych.L1-DemoUITests";
				PRODUCT_NAME = "$(TARGET_NAME)";
				SWIFT_EMIT_LOC_STRINGS = NO;
				SWIFT_VERSION = 5.0;
				TEST_TARGET_NAME = "L1 Demo";
			};
			name = Release;
		};
/* End XCBuildConfiguration section */

/* Begin XCConfigurationList section */
		1B9CB1502E730CDC00112A23 /* Build configuration list for PBXProject "L1 Demo" */ = {
			isa = XCConfigurationList;
			buildConfigurations = (
				1B9CB1752E730CDD00112A23 /* Debug */,
				1B9CB1762E730CDD00112A23 /* Release */,
			);
			defaultConfigurationIsVisible = 0;
			defaultConfigurationName = Release;
		};
		1B9CB1772E730CDD00112A23 /* Build configuration list for PBXNativeTarget "L1 Demo" */ = {
			isa = XCConfigurationList;
			buildConfigurations = (
				1B9CB1782E730CDD00112A23 /* Debug */,
				1B9CB1792E730CDD00112A23 /* Release */,
			);
			defaultConfigurationIsVisible = 0;
			defaultConfigurationName = Release;
		};
		1B9CB17A2E730CDD00112A23 /* Build configuration list for PBXNativeTarget "L1 DemoTests" */ = {
			isa = XCConfigurationList;
			buildConfigurations = (
				1B9CB17B2E730CDD00112A23 /* Debug */,
				1B9CB17C2E730CDD00112A23 /* Release */,
			);
			defaultConfigurationIsVisible = 0;
			defaultConfigurationName = Release;
		};
		1B9CB17D2E730CDD00112A23 /* Build configuration list for PBXNativeTarget "L1 DemoUITests" */ = {
			isa = XCConfigurationList;
			buildConfigurations = (
				1B9CB17E2E730CDD00112A23 /* Debug */,
				1B9CB17F2E730CDD00112A23 /* Release */,
			);
			defaultConfigurationIsVisible = 0;
			defaultConfigurationName = Release;
		};
/* End XCConfigurationList section */
	};
	rootObject = 1B9CB14D2E730CDC00112A23 /* Project object */;
}
